github.com/goinsane/filelock v0.2.0 h1:C8y681XLyUxgBK0ChEkdGbXyWisH1B1prLE+NkMFqfQ=
github.com/goinsane/filelock v0.2.0/go.mod h1:DJCr/dUOyXcbdYAnlf4Je/CaZNSnibuBcr3UNKYoEGk=
github.com/goinsane/filelock v0.2.1 h1:YR1XL4N+mc0Sp7qKYJmTx2Psvca6EsAnsQRCtU2Tvb8=
github.com/goinsane/filelock v0.2.1/go.mod h1:f0KqHUc7vv0zW4+ENJ2usFP5p7JMlyspY6WT4rpJYfE=
github.com/goinsane/ioshape v0.4.0 h1:U5CMpaRh6fCyfsjUc9wGyF4bt3GStJm2vwiEtQJB/1o=
github.com/goinsane/ioshape v0.4.0/go.mod h1:h5WgKdwRsAv75QcRkJ1wBqALFH3i8tjkQpHtoRIjCTA=
github.com/goinsane/logng v0.3.0 h1:Qsw3Fqy/N5pV9/XxCGyGf1MDq+SY9+dmIpdqBrAJlY0=
github.com/goinsane/logng v0.3.0/go.mod h1:VN3EnW6OAJVrhbW9BL+Jv5fUtkA7xjIGRYSXW5tXBuo=
github.com/goinsane/xcontext v1.7.0 h1:Jz6Gh2WCOu/u84d2iCrPUMfOwFAKLfCDs4mLGTunN+8=
github.com/goinsane/xcontext v1.7.0/go.mod h1:y+fK+cXBf9T6MBP7XFXQbYrsyhzlhRVVIIRVTxc6QjY=
